
Microsoft Visual Studio Solution File, Format Version 12.00
# Visual Studio Version 16
VisualStudioVersion = 16.0.30907.101
MinimumVisualStudioVersion = 10.0.40219.1
Project("{9A19103F-16F7-4668-BE54-9A1E7A4F7556}") = "Common", "Common\Common.csproj", "{699F4770-6D21-48A3-A5D2-7D2F1BF2306A}"
EndProject
Project("{9A19103F-16F7-4668-BE54-9A1E7A4F7556}") = "CustomCalculator", "DesktopCalculator\CustomCalculator.csproj", "{7F7E094C-507D-4552-8341-110D1B535A73}"
EndProject
Global
	GlobalSection(SolutionConfigurationPlatforms) = preSolution
		Debug|Any CPU = Debug|Any CPU
		Release|Any CPU = Release|Any CPU
	EndGlobalSection
	GlobalSection(ProjectConfigurationPlatforms) = postSolution
		{699F4770-6D21-48A3-A5D2-7D2F1BF2306A}.Debug|Any CPU.ActiveCfg = Debug|Any CPU
		{699F4770-6D21-48A3-A5D2-7D2F1BF2306A}.Debug|Any CPU.Build.0 = Debug|Any CPU
		{699F4770-6D21-48A3-A5D2-7D2F1BF2306A}.Release|Any CPU.ActiveCfg = Release|Any CPU
		{699F4770-6D21-48A3-A5D2-7D2F1BF2306A}.Release|Any CPU.Build.0 = Release|Any CPU
		{7F7E094C-507D-4552-8341-110D1B535A73}.Debug|Any CPU.ActiveCfg = Debug|Any CPU
		{7F7E094C-507D-4552-8341-110D1B535A73}.Debug|Any CPU.Build.0 = Debug|Any CPU
		{7F7E094C-507D-4552-8341-110D1B535A73}.Release|Any CPU.ActiveCfg = Release|Any CPU
		{7F7E094C-507D-4552-8341-110D1B535A73}.Release|Any CPU.Build.0 = Release|Any CPU
	EndGlobalSection
	GlobalSection(SolutionProperties) = preSolution
		HideSolutionNode = FALSE
	EndGlobalSection
	GlobalSection(ExtensibilityGlobals) = postSolution
		SolutionGuid = {40BF870D-3A02-4395-92AE-4C1B71869F68}
	EndGlobalSection
EndGlobal
